{
  "name": "workout_tracker",
  "version": "1.0.0",
  "lockfileVersion": 3,
  "requires": true,
  "packages": {
    "": {
      "name": "workout_tracker",
      "version": "1.0.0",
      "license": "ISC",
      "dependencies": {
        "@knadh/oat": "^0.4.0",
        "htmx.org": "^2.0.8"
      }
    },
    "node_modules/@knadh/oat": {
      "version": "0.4.1",
      "resolved": "https://registry.npmjs.org/@knadh/oat/-/oat-0.4.1.tgz",
      "integrity": "sha512-Cdpuy1/828ICY5A9mjGYbDszt3tE4OiS0kcbjkHmBRwtFGZ/4oKA0cNkqJEgyNGdabhMlfiGTvKEflKMaax8mA==",
      "license": "MIT"
    },
    "node_modules/htmx.org": {
      "version": "2.0.8",
      "resolved": "https://registry.npmjs.org/htmx.org/-/htmx.org-2.0.8.tgz",
      "integrity": "sha512-fm297iru0iWsNJlBrjvtN7V9zjaxd+69Oqjh4F/Vq9Wwi2kFisLcrLCiv5oBX0KLfOX/zG8AUo9ROMU5XUB44Q==",
      "license": "0BSD"
    }
  }
}
